
Microsoft Visual Studio Solution File, Format Version 12.00
# Visual Studio Version 16
VisualStudioVersion = 16.0.29728.190
MinimumVisualStudioVersion = 10.0.40219.1
Project("{8BC9CEB8-8B4A-11D0-8D11-00A0C91BC942}") = "midismoke", "midismoke.vcxproj", "{FE260D12-1E2E-4947-AA29-5602881D20D8}"
EndProject
Global
	GlobalSection(SolutionConfigurationPlatforms) = preSolution
		Debug|Win32 = Debug|Win32
		Debug|x64 = Debug|x64
		Release|Win32 = Release|Win32
		Release|x64 = Release|x64
	EndGlobalSection
	GlobalSection(ProjectConfigurationPlatforms) = postSolution
		{FE260D12-1E2E-4947-AA29-5602881D20D8}.Debug|Win32.ActiveCfg = Debug|Win32
		{FE260D12-1E2E-4947-AA29-5602881D20D8}.Debug|Win32.Build.0 = Debug|Win32
		{FE260D12-1E2E-4947-AA29-5602881D20D8}.Debug|x64.ActiveCfg = Debug|x64
		{FE260D12-1E2E-4947-AA29-5602881D20D8}.Debug|x64.Build.0 = Debug|x64
		{FE260D12-1E2E-4947-AA29-5602881D20D8}.Release|Win32.ActiveCfg = Release|Win32
		{FE260D12-1E2E-4947-AA29-5602881D20D8}.Release|Win32.Build.0 = Release|Win32
		{FE260D12-1E2E-4947-AA29-5602881D20D8}.Release|x64.ActiveCfg = Release|x64
		{FE260D12-1E2E-4947-AA29-5602881D20D8}.Release|x64.Build.0 = Release|x64
	EndGlobalSection
	GlobalSection(SolutionProperties) = preSolution
		HideSolutionNode = FALSE
	EndGlobalSection
	GlobalSection(ExtensibilityGlobals) = postSolution
		SolutionGuid = {902CBC4E-A643-45BE-A9B2-64782DB4063A}
	EndGlobalSection
EndGlobal
